
Microsoft Visual Studio Solution File, Format Version 12.00
# Visual Studio 15
VisualStudioVersion = 15.0.28010.2046
MinimumVisualStudioVersion = 10.0.40219.1
Project("{FAE04EC0-301F-11D3-BF4B-00C04F79EFBC}") = "SignalRChatApp", "SignalRChatApp\SignalRChatApp.csproj", "{ED76198B-1371-4329-926F-5CD839289A15}"
EndProject
Global
	GlobalSection(SolutionConfigurationPlatforms) = preSolution
		Debug|Any CPU = Debug|Any CPU
		Release|Any CPU = Release|Any CPU
	EndGlobalSection
	GlobalSection(ProjectConfigurationPlatforms) = postSolution
		{ED76198B-1371-4329-926F-5CD839289A15}.Debug|Any CPU.ActiveCfg = Debug|Any CPU
		{ED76198B-1371-4329-926F-5CD839289A15}.Debug|Any CPU.Build.0 = Debug|Any CPU
		{ED76198B-1371-4329-926F-5CD839289A15}.Release|Any CPU.ActiveCfg = Release|Any CPU
		{ED76198B-1371-4329-926F-5CD839289A15}.Release|Any CPU.Build.0 = Release|Any CPU
	EndGlobalSection
	GlobalSection(SolutionProperties) = preSolution
		HideSolutionNode = FALSE
	EndGlobalSection
	GlobalSection(ExtensibilityGlobals) = postSolution
		SolutionGuid = {A89CF575-D8E8-4535-8E21-F828C72D1642}
	EndGlobalSection
EndGlobal
